// !$*UTF8*$!
{
	archiveVersion = 1;
	classes = {
	};
	objectVersion = 77;
	objects = {

/* Begin PBXBuildFile section */
		E1CA233D2E2463EC003AFEF5 /* .swiftlint.yml in Resources */ = {isa = PBXBuildFile; fileRef = E1CA233C2E2463DC003AFEF5 /* .swiftlint.yml */; };
		E1CA23912E28607C003AFEF5 /* GoogleService-Info.plist in Resources */ = {isa = PBXBuildFile; fileRef = E1CA23902E28607C003AFEF5 /* GoogleService-Info.plist */; };
		E1CA23942E28619D003AFEF5 /* FirebaseAI in Frameworks */ = {isa = PBXBuildFile; productRef = E1CA23932E28619D003AFEF5 /* FirebaseAI */; };
		E1CA23962E28619D003AFEF5 /* FirebaseAnalytics in Frameworks */ = {isa = PBXBuildFile; productRef = E1CA23952E28619D003AFEF5 /* FirebaseAnalytics */; };
		E1CA23982E28619D003AFEF5 /* FirebaseAnalyticsCore in Frameworks */ = {isa = PBXBuildFile; productRef = E1CA23972E28619D003AFEF5 /* FirebaseAnalyticsCore */; };
		E1CA239A2E28619D003AFEF5 /* FirebaseAnalyticsIdentitySupport in Frameworks */ = {isa = PBXBuildFile; productRef = E1CA23992E28619D003AFEF5 /* FirebaseAnalyticsIdentitySupport */; };
		E1CA239C2E28619D003AFEF5 /* FirebaseAppCheck in Frameworks */ = {isa = PBXBuildFile; productRef = E1CA239B2E28619D003AFEF5 /* FirebaseAppCheck */; };
		E1CA239E2E28619D003AFEF5 /* FirebaseAppDistribution-Beta in Frameworks */ = {isa = PBXBuildFile; productRef = E1CA239D2E28619D003AFEF5 /* FirebaseAppDistribution-Beta */; };
		E1CA23A02E28619D003AFEF5 /* FirebaseAuth in Frameworks */ = {isa = PBXBuildFile; productRef = E1CA239F2E28619D003AFEF5 /* FirebaseAuth */; };
		E1CA23A22E28619D003AFEF5 /* FirebaseAuthCombine-Community in Frameworks */ = {isa = PBXBuildFile; productRef = E1CA23A12E28619D003AFEF5 /* FirebaseAuthCombine-Community */; };
		E1CA23A42E28619D003AFEF5 /* FirebaseCore in Frameworks */ = {isa = PBXBuildFile; productRef = E1CA23A32E28619D003AFEF5 /* FirebaseCore */; };
		E1CA23A62E28619D003AFEF5 /* FirebaseCrashlytics in Frameworks */ = {isa = PBXBuildFile; productRef = E1CA23A52E28619D003AFEF5 /* FirebaseCrashlytics */; };
		E1CA23A82E28619D003AFEF5 /* FirebaseDatabase in Frameworks */ = {isa = PBXBuildFile; productRef = E1CA23A72E28619D003AFEF5 /* FirebaseDatabase */; };
		E1CA23AA2E28619D003AFEF5 /* FirebaseFirestore in Frameworks */ = {isa = PBXBuildFile; productRef = E1CA23A92E28619D003AFEF5 /* FirebaseFirestore */; };
		E1CA23AC2E28619D003AFEF5 /* FirebaseFirestoreCombine-Community in Frameworks */ = {isa = PBXBuildFile; productRef = E1CA23AB2E28619D003AFEF5 /* FirebaseFirestoreCombine-Community */; };
		E1CA23AE2E28619D003AFEF5 /* FirebaseFunctions in Frameworks */ = {isa = PBXBuildFile; productRef = E1CA23AD2E28619D003AFEF5 /* FirebaseFunctions */; };
		E1CA23B02E28619D003AFEF5 /* FirebaseFunctionsCombine-Community in Frameworks */ = {isa = PBXBuildFile; productRef = E1CA23AF2E28619D003AFEF5 /* FirebaseFunctionsCombine-Community */; };
		E1CA23B22E28619D003AFEF5 /* FirebaseInAppMessaging-Beta in Frameworks */ = {isa = PBXBuildFile; productRef = E1CA23B12E28619D003AFEF5 /* FirebaseInAppMessaging-Beta */; };
		E1CA23B42E28619D003AFEF5 /* FirebaseInstallations in Frameworks */ = {isa = PBXBuildFile; productRef = E1CA23B32E28619D003AFEF5 /* FirebaseInstallations */; };
		E1CA23B62E28619D003AFEF5 /* FirebaseMLModelDownloader in Frameworks */ = {isa = PBXBuildFile; productRef = E1CA23B52E28619D003AFEF5 /* FirebaseMLModelDownloader */; };
		E1CA23B82E28619D003AFEF5 /* FirebaseMessaging in Frameworks */ = {isa = PBXBuildFile; productRef = E1CA23B72E28619D003AFEF5 /* FirebaseMessaging */; };
		E1CA23BA2E28619D003AFEF5 /* FirebasePerformance in Frameworks */ = {isa = PBXBuildFile; productRef = E1CA23B92E28619D003AFEF5 /* FirebasePerformance */; };
		E1CA23BC2E28619D003AFEF5 /* FirebaseRemoteConfig in Frameworks */ = {isa = PBXBuildFile; productRef = E1CA23BB2E28619D003AFEF5 /* FirebaseRemoteConfig */; };
		E1CA23BE2E28619D003AFEF5 /* FirebaseStorage in Frameworks */ = {isa = PBXBuildFile; productRef = E1CA23BD2E28619D003AFEF5 /* FirebaseStorage */; };
		E1CA23C02E28619D003AFEF5 /* FirebaseStorageCombine-Community in Frameworks */ = {isa = PBXBuildFile; productRef = E1CA23BF2E28619D003AFEF5 /* FirebaseStorageCombine-Community */; };
		E1CA23C22E28630E003AFEF5 /* Estrutura.md in Resources */ = {isa = PBXBuildFile; fileRef = E1CA23C12E28630E003AFEF5 /* Estrutura.md */; };
/* End PBXBuildFile section */

/* Begin PBXContainerItemProxy section */
		E16601282E22A53400FAEFA3 /* PBXContainerItemProxy */ = {
			isa = PBXContainerItemProxy;
			containerPortal = E16601102E22A53200FAEFA3 /* Project object */;
			proxyType = 1;
			remoteGlobalIDString = E16601172E22A53200FAEFA3;
			remoteInfo = "Financas pessoais";
		};
		E16601322E22A53400FAEFA3 /* PBXContainerItemProxy */ = {
			isa = PBXContainerItemProxy;
			containerPortal = E16601102E22A53200FAEFA3 /* Project object */;
			proxyType = 1;
			remoteGlobalIDString = E16601172E22A53200FAEFA3;
			remoteInfo = "Financas pessoais";
		};
/* End PBXContainerItemProxy section */

/* Begin PBXFileReference section */
		E16601182E22A53200FAEFA3 /* Financas pessoais.app */ = {isa = PBXFileReference; explicitFileType = wrapper.application; includeInIndex = 0; path = "Financas pessoais.app"; sourceTree = BUILT_PRODUCTS_DIR; };
		E16601272E22A53400FAEFA3 /* Financas pessoaisTests.xctest */ = {isa = PBXFileReference; explicitFileType = wrapper.cfbundle; includeInIndex = 0; path = "Financas pessoaisTests.xctest"; sourceTree = BUILT_PRODUCTS_DIR; };
		E16601312E22A53400FAEFA3 /* Financas pessoaisUITests.xctest */ = {isa = PBXFileReference; explicitFileType = wrapper.cfbundle; includeInIndex = 0; path = "Financas pessoaisUITests.xctest"; sourceTree = BUILT_PRODUCTS_DIR; };
		E1CA233C2E2463DC003AFEF5 /* .swiftlint.yml */ = {isa = PBXFileReference; lastKnownFileType = text.yaml; path = .swiftlint.yml; sourceTree = "<group>"; };
		E1CA23902E28607C003AFEF5 /* GoogleService-Info.plist */ = {isa = PBXFileReference; lastKnownFileType = text.plist.xml; path = "GoogleService-Info.plist"; sourceTree = "<group>"; };
		E1CA23C12E28630E003AFEF5 /* Estrutura.md */ = {isa = PBXFileReference; lastKnownFileType = net.daringfireball.markdown; path = Estrutura.md; sourceTree = "<group>"; };
/* End PBXFileReference section */

/* Begin PBXFileSystemSynchronizedRootGroup section */
		E166011A2E22A53200FAEFA3 /* Financas pessoais */ = {
			isa = PBXFileSystemSynchronizedRootGroup;
			path = "Financas pessoais";
			sourceTree = "<group>";
		};
		E166012A2E22A53400FAEFA3 /* Financas pessoaisTests */ = {
			isa = PBXFileSystemSynchronizedRootGroup;
			path = "Financas pessoaisTests";
			sourceTree = "<group>";
		};
		E16601342E22A53400FAEFA3 /* Financas pessoaisUITests */ = {
			isa = PBXFileSystemSynchronizedRootGroup;
			path = "Financas pessoaisUITests";
			sourceTree = "<group>";
		};
/* End PBXFileSystemSynchronizedRootGroup section */

/* Begin PBXFrameworksBuildPhase section */
		E16601152E22A53200FAEFA3 /* Frameworks */ = {
			isa = PBXFrameworksBuildPhase;
			buildActionMask = 2147483647;
			files = (
				E1CA23AC2E28619D003AFEF5 /* FirebaseFirestoreCombine-Community in Frameworks */,
				E1CA23AE2E28619D003AFEF5 /* FirebaseFunctions in Frameworks */,
				E1CA23BA2E28619D003AFEF5 /* FirebasePerformance in Frameworks */,
				E1CA23C02E28619D003AFEF5 /* FirebaseStorageCombine-Community in Frameworks */,
				E1CA23BC2E28619D003AFEF5 /* FirebaseRemoteConfig in Frameworks */,
				E1CA239A2E28619D003AFEF5 /* FirebaseAnalyticsIdentitySupport in Frameworks */,
				E1CA23962E28619D003AFEF5 /* FirebaseAnalytics in Frameworks */,
				E1CA23982E28619D003AFEF5 /* FirebaseAnalyticsCore in Frameworks */,
				E1CA239C2E28619D003AFEF5 /* FirebaseAppCheck in Frameworks */,
				E1CA23942E28619D003AFEF5 /* FirebaseAI in Frameworks */,
				E1CA23AA2E28619D003AFEF5 /* FirebaseFirestore in Frameworks */,
				E1CA23B82E28619D003AFEF5 /* FirebaseMessaging in Frameworks */,
				E1CA23B42E28619D003AFEF5 /* FirebaseInstallations in Frameworks */,
				E1CA23B02E28619D003AFEF5 /* FirebaseFunctionsCombine-Community in Frameworks */,
				E1CA23A02E28619D003AFEF5 /* FirebaseAuth in Frameworks */,
				E1CA239E2E28619D003AFEF5 /* FirebaseAppDistribution-Beta in Frameworks */,
				E1CA23B22E28619D003AFEF5 /* FirebaseInAppMessaging-Beta in Frameworks */,
				E1CA23A62E28619D003AFEF5 /* FirebaseCrashlytics in Frameworks */,
				E1CA23A82E28619D003AFEF5 /* FirebaseDatabase in Frameworks */,
				E1CA23B62E28619D003AFEF5 /* FirebaseMLModelDownloader in Frameworks */,
				E1CA23BE2E28619D003AFEF5 /* FirebaseStorage in Frameworks */,
				E1CA23A42E28619D003AFEF5 /* FirebaseCore in Frameworks */,
				E1CA23A22E28619D003AFEF5 /* FirebaseAuthCombine-Community in Frameworks */,
			);
			runOnlyForDeploymentPostprocessing = 0;
		};
		E16601242E22A53400FAEFA3 /* Frameworks */ = {
			isa = PBXFrameworksBuildPhase;
			buildActionMask = 2147483647;
			files = (
			);
			runOnlyForDeploymentPostprocessing = 0;
		};
		E166012E2E22A53400FAEFA3 /* Frameworks */ = {
			isa = PBXFrameworksBuildPhase;
			buildActionMask = 2147483647;
			files = (
			);
			runOnlyForDeploymentPostprocessing = 0;
		};
/* End PBXFrameworksBuildPhase section */

/* Begin PBXGroup section */
		E166010F2E22A53200FAEFA3 = {
			isa = PBXGroup;
			children = (
				E1CA23C12E28630E003AFEF5 /* Estrutura.md */,
				E1CA23902E28607C003AFEF5 /* GoogleService-Info.plist */,
				E1CA233C2E2463DC003AFEF5 /* .swiftlint.yml */,
				E166011A2E22A53200FAEFA3 /* Financas pessoais */,
				E166012A2E22A53400FAEFA3 /* Financas pessoaisTests */,
				E16601342E22A53400FAEFA3 /* Financas pessoaisUITests */,
				E16601192E22A53200FAEFA3 /* Products */,
			);
			sourceTree = "<group>";
		};
		E16601192E22A53200FAEFA3 /* Products */ = {
			isa = PBXGroup;
			children = (
				E16601182E22A53200FAEFA3 /* Financas pessoais.app */,
				E16601272E22A53400FAEFA3 /* Financas pessoaisTests.xctest */,
				E16601312E22A53400FAEFA3 /* Financas pessoaisUITests.xctest */,
			);
			name = Products;
			sourceTree = "<group>";
		};
/* End PBXGroup section */

/* Begin PBXNativeTarget section */
		E16601172E22A53200FAEFA3 /* Financas pessoais */ = {
			isa = PBXNativeTarget;
			buildConfigurationList = E166013B2E22A53400FAEFA3 /* Build configuration list for PBXNativeTarget "Financas pessoais" */;
			buildPhases = (
				E16601142E22A53200FAEFA3 /* Sources */,
				E16601152E22A53200FAEFA3 /* Frameworks */,
				E16601162E22A53200FAEFA3 /* Resources */,
				E1CA23C62E2871AF003AFEF5 /* ShellScript */,
			);
			buildRules = (
			);
			dependencies = (
			);
			fileSystemSynchronizedGroups = (
				E166011A2E22A53200FAEFA3 /* Financas pessoais */,
			);
			name = "Financas pessoais";
			packageProductDependencies = (
				E1CA23932E28619D003AFEF5 /* FirebaseAI */,
				E1CA23952E28619D003AFEF5 /* FirebaseAnalytics */,
				E1CA23972E28619D003AFEF5 /* FirebaseAnalyticsCore */,
				E1CA23992E28619D003AFEF5 /* FirebaseAnalyticsIdentitySupport */,
				E1CA239B2E28619D003AFEF5 /* FirebaseAppCheck */,
				E1CA239D2E28619D003AFEF5 /* FirebaseAppDistribution-Beta */,
				E1CA239F2E28619D003AFEF5 /* FirebaseAuth */,
				E1CA23A12E28619D003AFEF5 /* FirebaseAuthCombine-Community */,
				E1CA23A32E28619D003AFEF5 /* FirebaseCore */,
				E1CA23A52E28619D003AFEF5 /* FirebaseCrashlytics */,
				E1CA23A72E28619D003AFEF5 /* FirebaseDatabase */,
				E1CA23A92E28619D003AFEF5 /* FirebaseFirestore */,
				E1CA23AB2E28619D003AFEF5 /* FirebaseFirestoreCombine-Community */,
				E1CA23AD2E28619D003AFEF5 /* FirebaseFunctions */,
				E1CA23AF2E28619D003AFEF5 /* FirebaseFunctionsCombine-Community */,
				E1CA23B12E28619D003AFEF5 /* FirebaseInAppMessaging-Beta */,
				E1CA23B32E28619D003AFEF5 /* FirebaseInstallations */,
				E1CA23B52E28619D003AFEF5 /* FirebaseMLModelDownloader */,
				E1CA23B72E28619D003AFEF5 /* FirebaseMessaging */,
				E1CA23B92E28619D003AFEF5 /* FirebasePerformance */,
				E1CA23BB2E28619D003AFEF5 /* FirebaseRemoteConfig */,
				E1CA23BD2E28619D003AFEF5 /* FirebaseStorage */,
				E1CA23BF2E28619D003AFEF5 /* FirebaseStorageCombine-Community */,
			);
			productName = "Financas pessoais";
			productReference = E16601182E22A53200FAEFA3 /* Financas pessoais.app */;
			productType = "com.apple.product-type.application";
		};
		E16601262E22A53400FAEFA3 /* Financas pessoaisTests */ = {
			isa = PBXNativeTarget;
			buildConfigurationList = E166013E2E22A53400FAEFA3 /* Build configuration list for PBXNativeTarget "Financas pessoaisTests" */;
			buildPhases = (
				E16601232E22A53400FAEFA3 /* Sources */,
				E16601242E22A53400FAEFA3 /* Frameworks */,
				E16601252E22A53400FAEFA3 /* Resources */,
			);
			buildRules = (
			);
			dependencies = (
				E16601292E22A53400FAEFA3 /* PBXTargetDependency */,
			);
			fileSystemSynchronizedGroups = (
				E166012A2E22A53400FAEFA3 /* Financas pessoaisTests */,
			);
			name = "Financas pessoaisTests";
			packageProductDependencies = (
			);
			productName = "Financas pessoaisTests";
			productReference = E16601272E22A53400FAEFA3 /* Financas pessoaisTests.xctest */;
			productType = "com.apple.product-type.bundle.unit-test";
		};
		E16601302E22A53400FAEFA3 /* Financas pessoaisUITests */ = {
			isa = PBXNativeTarget;
			buildConfigurationList = E16601412E22A53400FAEFA3 /* Build configuration list for PBXNativeTarget "Financas pessoaisUITests" */;
			buildPhases = (
				E166012D2E22A53400FAEFA3 /* Sources */,
				E166012E2E22A53400FAEFA3 /* Frameworks */,
				E166012F2E22A53400FAEFA3 /* Resources */,
			);
			buildRules = (
			);
			dependencies = (
				E16601332E22A53400FAEFA3 /* PBXTargetDependency */,
			);
			fileSystemSynchronizedGroups = (
				E16601342E22A53400FAEFA3 /* Financas pessoaisUITests */,
			);
			name = "Financas pessoaisUITests";
			packageProductDependencies = (
			);
			productName = "Financas pessoaisUITests";
			productReference = E16601312E22A53400FAEFA3 /* Financas pessoaisUITests.xctest */;
			productType = "com.apple.product-type.bundle.ui-testing";
		};
/* End PBXNativeTarget section */

/* Begin PBXProject section */
		E16601102E22A53200FAEFA3 /* Project object */ = {
			isa = PBXProject;
			attributes = {
				BuildIndependentTargetsInParallel = 1;
				LastSwiftUpdateCheck = 2600;
				LastUpgradeCheck = 2600;
				TargetAttributes = {
					E16601172E22A53200FAEFA3 = {
						CreatedOnToolsVersion = 26.0;
					};
					E16601262E22A53400FAEFA3 = {
						CreatedOnToolsVersion = 26.0;
						TestTargetID = E16601172E22A53200FAEFA3;
					};
					E16601302E22A53400FAEFA3 = {
						CreatedOnToolsVersion = 26.0;
						TestTargetID = E16601172E22A53200FAEFA3;
					};
				};
			};
			buildConfigurationList = E16601132E22A53200FAEFA3 /* Build configuration list for PBXProject "Financas pessoais" */;
			developmentRegion = en;
			hasScannedForEncodings = 0;
			knownRegions = (
				en,
				Base,
			);
			mainGroup = E166010F2E22A53200FAEFA3;
			minimizedProjectReferenceProxies = 1;
			packageReferences = (
				E1CA23922E28619D003AFEF5 /* XCRemoteSwiftPackageReference "firebase-ios-sdk" */,
			);
			preferredProjectObjectVersion = 77;
			productRefGroup = E16601192E22A53200FAEFA3 /* Products */;
			projectDirPath = "";
			projectRoot = "";
			targets = (
				E16601172E22A53200FAEFA3 /* Financas pessoais */,
				E16601262E22A53400FAEFA3 /* Financas pessoaisTests */,
				E16601302E22A53400FAEFA3 /* Financas pessoaisUITests */,
			);
		};
/* End PBXProject section */

/* Begin PBXResourcesBuildPhase section */
		E16601162E22A53200FAEFA3 /* Resources */ = {
			isa = PBXResourcesBuildPhase;
			buildActionMask = 2147483647;
			files = (
				E1CA233D2E2463EC003AFEF5 /* .swiftlint.yml in Resources */,
				E1CA23C22E28630E003AFEF5 /* Estrutura.md in Resources */,
				E1CA23912E28607C003AFEF5 /* GoogleService-Info.plist in Resources */,
			);
			runOnlyForDeploymentPostprocessing = 0;
		};
		E16601252E22A53400FAEFA3 /* Resources */ = {
			isa = PBXResourcesBuildPhase;
			buildActionMask = 2147483647;
			files = (
			);
			runOnlyForDeploymentPostprocessing = 0;
		};
		E166012F2E22A53400FAEFA3 /* Resources */ = {
			isa = PBXResourcesBuildPhase;
			buildActionMask = 2147483647;
			files = (
			);
			runOnlyForDeploymentPostprocessing = 0;
		};
/* End PBXResourcesBuildPhase section */

/* Begin PBXShellScriptBuildPhase section */
		E1CA23C62E2871AF003AFEF5 /* ShellScript */ = {
			isa = PBXShellScriptBuildPhase;
			alwaysOutOfDate = 1;
			buildActionMask = 2147483647;
			files = (
			);
			inputFileListPaths = (
			);
			inputPaths = (
				" ${DWARF_DSYM_FOLDER_PATH}/${DWARF_DSYM_FILE_NAME}/Contents/Resources/DWARF/${TARGET_NAME}\n ${BUILT_PRODUCTS_DIR}/${INFOPLIST_PATH}",
			);
			outputFileListPaths = (
			);
			outputPaths = (
			);
			runOnlyForDeploymentPostprocessing = 0;
			shellPath = /bin/sh;
			shellScript = " \"${BUILD_DIR%/Build/*}/SourcePackages/checkouts/firebase-ios-sdk/Crashlytics/run\"\n";
		};
/* End PBXShellScriptBuildPhase section */

/* Begin PBXSourcesBuildPhase section */
		E16601142E22A53200FAEFA3 /* Sources */ = {
			isa = PBXSourcesBuildPhase;
			buildActionMask = 2147483647;
			files = (
			);
			runOnlyForDeploymentPostprocessing = 0;
		};
		E16601232E22A53400FAEFA3 /* Sources */ = {
			isa = PBXSourcesBuildPhase;
			buildActionMask = 2147483647;
			files = (
			);
			runOnlyForDeploymentPostprocessing = 0;
		};
		E166012D2E22A53400FAEFA3 /* Sources */ = {
			isa = PBXSourcesBuildPhase;
			buildActionMask = 2147483647;
			files = (
			);
			runOnlyForDeploymentPostprocessing = 0;
		};
/* End PBXSourcesBuildPhase section */

/* Begin PBXTargetDependency section */
		E16601292E22A53400FAEFA3 /* PBXTargetDependency */ = {
			isa = PBXTargetDependency;
			target = E16601172E22A53200FAEFA3 /* Financas pessoais */;
			targetProxy = E16601282E22A53400FAEFA3 /* PBXContainerItemProxy */;
		};
		E16601332E22A53400FAEFA3 /* PBXTargetDependency */ = {
			isa = PBXTargetDependency;
			target = E16601172E22A53200FAEFA3 /* Financas pessoais */;
			targetProxy = E16601322E22A53400FAEFA3 /* PBXContainerItemProxy */;
		};
/* End PBXTargetDependency section */

/* Begin XCBuildConfiguration section */
		E16601392E22A53400FAEFA3 /* Debug */ = {
			isa = XCBuildConfiguration;
			buildSettings = {
				ALWAYS_SEARCH_USER_PATHS = NO;
				ASSETCATALOG_COMPILER_GENERATE_SWIFT_ASSET_SYMBOL_EXTENSIONS = YES;
				CLANG_ANALYZER_NONNULL = YES;
				CLANG_ANALYZER_NUMBER_OBJECT_CONVERSION = YES_AGGRESSIVE;
				CLANG_CXX_LANGUAGE_STANDARD = "gnu++20";
				CLANG_ENABLE_MODULES = YES;
				CLANG_ENABLE_OBJC_ARC = YES;
				CLANG_ENABLE_OBJC_WEAK = YES;
				CLANG_WARN_BLOCK_CAPTURE_AUTORELEASING = YES;
				CLANG_WARN_BOOL_CONVERSION = YES;
				CLANG_WARN_COMMA = YES;
				CLANG_WARN_CONSTANT_CONVERSION = YES;
				CLANG_WARN_DEPRECATED_OBJC_IMPLEMENTATIONS = YES;
				CLANG_WARN_DIRECT_OBJC_ISA_USAGE = YES_ERROR;
				CLANG_WARN_DOCUMENTATION_COMMENTS = YES;
				CLANG_WARN_EMPTY_BODY = YES;
				CLANG_WARN_ENUM_CONVERSION = YES;
				CLANG_WARN_INFINITE_RECURSION = YES;
				CLANG_WARN_INT_CONVERSION = YES;
				CLANG_WARN_NON_LITERAL_NULL_CONVERSION = YES;
				CLANG_WARN_OBJC_IMPLICIT_RETAIN_SELF = YES;
				CLANG_WARN_OBJC_LITERAL_CONVERSION = YES;
				CLANG_WARN_OBJC_ROOT_CLASS = YES_ERROR;
				CLANG_WARN_QUOTED_INCLUDE_IN_FRAMEWORK_HEADER = YES;
				CLANG_WARN_RANGE_LOOP_ANALYSIS = YES;
				CLANG_WARN_STRICT_PROTOTYPES = YES;
				CLANG_WARN_SUSPICIOUS_MOVE = YES;
				CLANG_WARN_UNGUARDED_AVAILABILITY = YES_AGGRESSIVE;
				CLANG_WARN_UNREACHABLE_CODE = YES;
				CLANG_WARN__DUPLICATE_METHOD_MATCH = YES;
				COPY_PHASE_STRIP = NO;
				DEBUG_INFORMATION_FORMAT = dwarf;
				ENABLE_STRICT_OBJC_MSGSEND = YES;
				ENABLE_TESTABILITY = YES;
				ENABLE_USER_SCRIPT_SANDBOXING = YES;
				GCC_C_LANGUAGE_STANDARD = gnu17;
				GCC_DYNAMIC_NO_PIC = NO;
				GCC_NO_COMMON_BLOCKS = YES;
				GCC_OPTIMIZATION_LEVEL = 0;
				GCC_PREPROCESSOR_DEFINITIONS = (
					"DEBUG=1",
					"$(inherited)",
				);
				GCC_WARN_64_TO_32_BIT_CONVERSION = YES;
				GCC_WARN_ABOUT_RETURN_TYPE = YES_ERROR;
				GCC_WARN_UNDECLARED_SELECTOR = YES;
				GCC_WARN_UNINITIALIZED_AUTOS = YES_AGGRESSIVE;
				GCC_WARN_UNUSED_FUNCTION = YES;
				GCC_WARN_UNUSED_VARIABLE = YES;
				IPHONEOS_DEPLOYMENT_TARGET = 26.0;
				LOCALIZATION_PREFERS_STRING_CATALOGS = YES;
				MTL_ENABLE_DEBUG_INFO = INCLUDE_SOURCE;
				MTL_FAST_MATH = YES;
				ONLY_ACTIVE_ARCH = YES;
				SDKROOT = iphoneos;
				SWIFT_ACTIVE_COMPILATION_CONDITIONS = "DEBUG $(inherited)";
				SWIFT_OPTIMIZATION_LEVEL = "-Onone";
			};
			name = Debug;
		};
		E166013A2E22A53400FAEFA3 /* Release */ = {
			isa = XCBuildConfiguration;
			buildSettings = {
				ALWAYS_SEARCH_USER_PATHS = NO;
				ASSETCATALOG_COMPILER_GENERATE_SWIFT_ASSET_SYMBOL_EXTENSIONS = YES;
				CLANG_ANALYZER_NONNULL = YES;
				CLANG_ANALYZER_NUMBER_OBJECT_CONVERSION = YES_AGGRESSIVE;
				CLANG_CXX_LANGUAGE_STANDARD = "gnu++20";
				CLANG_ENABLE_MODULES = YES;
				CLANG_ENABLE_OBJC_ARC = YES;
				CLANG_ENABLE_OBJC_WEAK = YES;
				CLANG_WARN_BLOCK_CAPTURE_AUTORELEASING = YES;
				CLANG_WARN_BOOL_CONVERSION = YES;
				CLANG_WARN_COMMA = YES;
				CLANG_WARN_CONSTANT_CONVERSION = YES;
				CLANG_WARN_DEPRECATED_OBJC_IMPLEMENTATIONS = YES;
				CLANG_WARN_DIRECT_OBJC_ISA_USAGE = YES_ERROR;
				CLANG_WARN_DOCUMENTATION_COMMENTS = YES;
				CLANG_WARN_EMPTY_BODY = YES;
				CLANG_WARN_ENUM_CONVERSION = YES;
				CLANG_WARN_INFINITE_RECURSION = YES;
				CLANG_WARN_INT_CONVERSION = YES;
				CLANG_WARN_NON_LITERAL_NULL_CONVERSION = YES;
				CLANG_WARN_OBJC_IMPLICIT_RETAIN_SELF = YES;
				CLANG_WARN_OBJC_LITERAL_CONVERSION = YES;
				CLANG_WARN_OBJC_ROOT_CLASS = YES_ERROR;
				CLANG_WARN_QUOTED_INCLUDE_IN_FRAMEWORK_HEADER = YES;
				CLANG_WARN_RANGE_LOOP_ANALYSIS = YES;
				CLANG_WARN_STRICT_PROTOTYPES = YES;
				CLANG_WARN_SUSPICIOUS_MOVE = YES;
				CLANG_WARN_UNGUARDED_AVAILABILITY = YES_AGGRESSIVE;
				CLANG_WARN_UNREACHABLE_CODE = YES;
				CLANG_WARN__DUPLICATE_METHOD_MATCH = YES;
				COPY_PHASE_STRIP = NO;
				DEBUG_INFORMATION_FORMAT = "dwarf-with-dsym";
				ENABLE_NS_ASSERTIONS = NO;
				ENABLE_STRICT_OBJC_MSGSEND = YES;
				ENABLE_USER_SCRIPT_SANDBOXING = YES;
				GCC_C_LANGUAGE_STANDARD = gnu17;
				GCC_NO_COMMON_BLOCKS = YES;
				GCC_WARN_64_TO_32_BIT_CONVERSION = YES;
				GCC_WARN_ABOUT_RETURN_TYPE = YES_ERROR;
				GCC_WARN_UNDECLARED_SELECTOR = YES;
				GCC_WARN_UNINITIALIZED_AUTOS = YES_AGGRESSIVE;
				GCC_WARN_UNUSED_FUNCTION = YES;
				GCC_WARN_UNUSED_VARIABLE = YES;
				IPHONEOS_DEPLOYMENT_TARGET = 26.0;
				LOCALIZATION_PREFERS_STRING_CATALOGS = YES;
				MTL_ENABLE_DEBUG_INFO = NO;
				MTL_FAST_MATH = YES;
				SDKROOT = iphoneos;
				SWIFT_COMPILATION_MODE = wholemodule;
				VALIDATE_PRODUCT = YES;
			};
			name = Release;
		};
		E166013C2E22A53400FAEFA3 /* Debug */ = {
			isa = XCBuildConfiguration;
			buildSettings = {
				ASSETCATALOG_COMPILER_APPICON_NAME = AppIcon;
				ASSETCATALOG_COMPILER_GLOBAL_ACCENT_COLOR_NAME = AccentColor;
				CODE_SIGN_STYLE = Automatic;
				CURRENT_PROJECT_VERSION = 1;
				DEVELOPMENT_TEAM = 4DLN7FPJ74;
				ENABLE_PREVIEWS = YES;
				GENERATE_INFOPLIST_FILE = YES;
				INFOPLIST_KEY_UIApplicationSceneManifest_Generation = YES;
				INFOPLIST_KEY_UIApplicationSupportsIndirectInputEvents = YES;
				INFOPLIST_KEY_UILaunchScreen_Generation = YES;
				INFOPLIST_KEY_UISupportedInterfaceOrientations_iPad = "UIInterfaceOrientationPortrait UIInterfaceOrientationPortraitUpsideDown UIInterfaceOrientationLandscapeLeft UIInterfaceOrientationLandscapeRight";
				INFOPLIST_KEY_UISupportedInterfaceOrientations_iPhone = "UIInterfaceOrientationPortrait UIInterfaceOrientationLandscapeLeft UIInterfaceOrientationLandscapeRight";
				LD_RUNPATH_SEARCH_PATHS = (
					"$(inherited)",
					"@executable_path/Frameworks",
				);
				MARKETING_VERSION = 1.0;
				PRODUCT_BUNDLE_IDENTIFIER = "br.com.robertogeiss.Financas-pessoais";
				PRODUCT_NAME = "$(TARGET_NAME)";
				STRING_CATALOG_GENERATE_SYMBOLS = YES;
				SWIFT_APPROACHABLE_CONCURRENCY = YES;
				SWIFT_DEFAULT_ACTOR_ISOLATION = MainActor;
				SWIFT_EMIT_LOC_STRINGS = YES;
				SWIFT_UPCOMING_FEATURE_MEMBER_IMPORT_VISIBILITY = YES;
				SWIFT_VERSION = 5.0;
				TARGETED_DEVICE_FAMILY = "1,2";
			};
			name = Debug;
		};
		E166013D2E22A53400FAEFA3 /* Release */ = {
			isa = XCBuildConfiguration;
			buildSettings = {
				ASSETCATALOG_COMPILER_APPICON_NAME = AppIcon;
				ASSETCATALOG_COMPILER_GLOBAL_ACCENT_COLOR_NAME = AccentColor;
				CODE_SIGN_STYLE = Automatic;
				CURRENT_PROJECT_VERSION = 1;
				DEVELOPMENT_TEAM = 4DLN7FPJ74;
				ENABLE_PREVIEWS = YES;
				GENERATE_INFOPLIST_FILE = YES;
				INFOPLIST_KEY_UIApplicationSceneManifest_Generation = YES;
				INFOPLIST_KEY_UIApplicationSupportsIndirectInputEvents = YES;
				INFOPLIST_KEY_UILaunchScreen_Generation = YES;
				INFOPLIST_KEY_UISupportedInterfaceOrientations_iPad = "UIInterfaceOrientationPortrait UIInterfaceOrientationPortraitUpsideDown UIInterfaceOrientationLandscapeLeft UIInterfaceOrientationLandscapeRight";
				INFOPLIST_KEY_UISupportedInterfaceOrientations_iPhone = "UIInterfaceOrientationPortrait UIInterfaceOrientationLandscapeLeft UIInterfaceOrientationLandscapeRight";
				LD_RUNPATH_SEARCH_PATHS = (
					"$(inherited)",
					"@executable_path/Frameworks",
				);
				MARKETING_VERSION = 1.0;
				PRODUCT_BUNDLE_IDENTIFIER = "br.com.robertogeiss.Financas-pessoais";
				PRODUCT_NAME = "$(TARGET_NAME)";
				STRING_CATALOG_GENERATE_SYMBOLS = YES;
				SWIFT_APPROACHABLE_CONCURRENCY = YES;
				SWIFT_DEFAULT_ACTOR_ISOLATION = MainActor;
				SWIFT_EMIT_LOC_STRINGS = YES;
				SWIFT_UPCOMING_FEATURE_MEMBER_IMPORT_VISIBILITY = YES;
				SWIFT_VERSION = 5.0;
				TARGETED_DEVICE_FAMILY = "1,2";
			};
			name = Release;
		};
		E166013F2E22A53400FAEFA3 /* Debug */ = {
			isa = XCBuildConfiguration;
			buildSettings = {
				BUNDLE_LOADER = "$(TEST_HOST)";
				CODE_SIGN_STYLE = Automatic;
				CURRENT_PROJECT_VERSION = 1;
				GENERATE_INFOPLIST_FILE = YES;
				IPHONEOS_DEPLOYMENT_TARGET = 26.0;
				MARKETING_VERSION = 1.0;
				PRODUCT_BUNDLE_IDENTIFIER = "br.com.robertogeiss.Financas-pessoaisTests";
				PRODUCT_NAME = "$(TARGET_NAME)";
				STRING_CATALOG_GENERATE_SYMBOLS = NO;
				SWIFT_APPROACHABLE_CONCURRENCY = YES;
				SWIFT_EMIT_LOC_STRINGS = NO;
				SWIFT_UPCOMING_FEATURE_MEMBER_IMPORT_VISIBILITY = YES;
				SWIFT_VERSION = 5.0;
				TARGETED_DEVICE_FAMILY = "1,2";
				TEST_HOST = "$(BUILT_PRODUCTS_DIR)/Financas pessoais.app/$(BUNDLE_EXECUTABLE_FOLDER_PATH)/Financas pessoais";
			};
			name = Debug;
		};
		E16601402E22A53400FAEFA3 /* Release */ = {
			isa = XCBuildConfiguration;
			buildSettings = {
				BUNDLE_LOADER = "$(TEST_HOST)";
				CODE_SIGN_STYLE = Automatic;
				CURRENT_PROJECT_VERSION = 1;
				GENERATE_INFOPLIST_FILE = YES;
				IPHONEOS_DEPLOYMENT_TARGET = 26.0;
				MARKETING_VERSION = 1.0;
				PRODUCT_BUNDLE_IDENTIFIER = "br.com.robertogeiss.Financas-pessoaisTests";
				PRODUCT_NAME = "$(TARGET_NAME)";
				STRING_CATALOG_GENERATE_SYMBOLS = NO;
				SWIFT_APPROACHABLE_CONCURRENCY = YES;
				SWIFT_EMIT_LOC_STRINGS = NO;
				SWIFT_UPCOMING_FEATURE_MEMBER_IMPORT_VISIBILITY = YES;
				SWIFT_VERSION = 5.0;
				TARGETED_DEVICE_FAMILY = "1,2";
				TEST_HOST = "$(BUILT_PRODUCTS_DIR)/Financas pessoais.app/$(BUNDLE_EXECUTABLE_FOLDER_PATH)/Financas pessoais";
			};
			name = Release;
		};
		E16601422E22A53400FAEFA3 /* Debug */ = {
			isa = XCBuildConfiguration;
			buildSettings = {
				CODE_SIGN_STYLE = Automatic;
				CURRENT_PROJECT_VERSION = 1;
				GENERATE_INFOPLIST_FILE = YES;
				MARKETING_VERSION = 1.0;
				PRODUCT_BUNDLE_IDENTIFIER = "br.com.robertogeiss.Financas-pessoaisUITests";
				PRODUCT_NAME = "$(TARGET_NAME)";
				STRING_CATALOG_GENERATE_SYMBOLS = NO;
				SWIFT_APPROACHABLE_CONCURRENCY = YES;
				SWIFT_EMIT_LOC_STRINGS = NO;
				SWIFT_UPCOMING_FEATURE_MEMBER_IMPORT_VISIBILITY = YES;
				SWIFT_VERSION = 5.0;
				TARGETED_DEVICE_FAMILY = "1,2";
				TEST_TARGET_NAME = "Financas pessoais";
			};
			name = Debug;
		};
		E16601432E22A53400FAEFA3 /* Release */ = {
			isa = XCBuildConfiguration;
			buildSettings = {
				CODE_SIGN_STYLE = Automatic;
				CURRENT_PROJECT_VERSION = 1;
				GENERATE_INFOPLIST_FILE = YES;
				MARKETING_VERSION = 1.0;
				PRODUCT_BUNDLE_IDENTIFIER = "br.com.robertogeiss.Financas-pessoaisUITests";
				PRODUCT_NAME = "$(TARGET_NAME)";
				STRING_CATALOG_GENERATE_SYMBOLS = NO;
				SWIFT_APPROACHABLE_CONCURRENCY = YES;
				SWIFT_EMIT_LOC_STRINGS = NO;
				SWIFT_UPCOMING_FEATURE_MEMBER_IMPORT_VISIBILITY = YES;
				SWIFT_VERSION = 5.0;
				TARGETED_DEVICE_FAMILY = "1,2";
				TEST_TARGET_NAME = "Financas pessoais";
			};
			name = Release;
		};
/* End XCBuildConfiguration section */

/* Begin XCConfigurationList section */
		E16601132E22A53200FAEFA3 /* Build configuration list for PBXProject "Financas pessoais" */ = {
			isa = XCConfigurationList;
			buildConfigurations = (
				E16601392E22A53400FAEFA3 /* Debug */,
				E166013A2E22A53400FAEFA3 /* Release */,
			);
			defaultConfigurationIsVisible = 0;
			defaultConfigurationName = Release;
		};
		E166013B2E22A53400FAEFA3 /* Build configuration list for PBXNativeTarget "Financas pessoais" */ = {
			isa = XCConfigurationList;
			buildConfigurations = (
				E166013C2E22A53400FAEFA3 /* Debug */,
				E166013D2E22A53400FAEFA3 /* Release */,
			);
			defaultConfigurationIsVisible = 0;
			defaultConfigurationName = Release;
		};
		E166013E2E22A53400FAEFA3 /* Build configuration list for PBXNativeTarget "Financas pessoaisTests" */ = {
			isa = XCConfigurationList;
			buildConfigurations = (
				E166013F2E22A53400FAEFA3 /* Debug */,
				E16601402E22A53400FAEFA3 /* Release */,
			);
			defaultConfigurationIsVisible = 0;
			defaultConfigurationName = Release;
		};
		E16601412E22A53400FAEFA3 /* Build configuration list for PBXNativeTarget "Financas pessoaisUITests" */ = {
			isa = XCConfigurationList;
			buildConfigurations = (
				E16601422E22A53400FAEFA3 /* Debug */,
				E16601432E22A53400FAEFA3 /* Release */,
			);
			defaultConfigurationIsVisible = 0;
			defaultConfigurationName = Release;
		};
/* End XCConfigurationList section */

/* Begin XCRemoteSwiftPackageReference section */
		E1CA23922E28619D003AFEF5 /* XCRemoteSwiftPackageReference "firebase-ios-sdk" */ = {
			isa = XCRemoteSwiftPackageReference;
			repositoryURL = "https://github.com/firebase/firebase-ios-sdk";
			requirement = {
				kind = upToNextMajorVersion;
				minimumVersion = 12.0.0;
			};
		};
/* End XCRemoteSwiftPackageReference section */

/* Begin XCSwiftPackageProductDependency section */
		E1CA23932E28619D003AFEF5 /* FirebaseAI */ = {
			isa = XCSwiftPackageProductDependency;
			package = E1CA23922E28619D003AFEF5 /* XCRemoteSwiftPackageReference "firebase-ios-sdk" */;
			productName = FirebaseAI;
		};
		E1CA23952E28619D003AFEF5 /* FirebaseAnalytics */ = {
			isa = XCSwiftPackageProductDependency;
			package = E1CA23922E28619D003AFEF5 /* XCRemoteSwiftPackageReference "firebase-ios-sdk" */;
			productName = FirebaseAnalytics;
		};
		E1CA23972E28619D003AFEF5 /* FirebaseAnalyticsCore */ = {
			isa = XCSwiftPackageProductDependency;
			package = E1CA23922E28619D003AFEF5 /* XCRemoteSwiftPackageReference "firebase-ios-sdk" */;
			productName = FirebaseAnalyticsCore;
		};
		E1CA23992E28619D003AFEF5 /* FirebaseAnalyticsIdentitySupport */ = {
			isa = XCSwiftPackageProductDependency;
			package = E1CA23922E28619D003AFEF5 /* XCRemoteSwiftPackageReference "firebase-ios-sdk" */;
			productName = FirebaseAnalyticsIdentitySupport;
		};
		E1CA239B2E28619D003AFEF5 /* FirebaseAppCheck */ = {
			isa = XCSwiftPackageProductDependency;
			package = E1CA23922E28619D003AFEF5 /* XCRemoteSwiftPackageReference "firebase-ios-sdk" */;
			productName = FirebaseAppCheck;
		};
		E1CA239D2E28619D003AFEF5 /* FirebaseAppDistribution-Beta */ = {
			isa = XCSwiftPackageProductDependency;
			package = E1CA23922E28619D003AFEF5 /* XCRemoteSwiftPackageReference "firebase-ios-sdk" */;
			productName = "FirebaseAppDistribution-Beta";
		};
		E1CA239F2E28619D003AFEF5 /* FirebaseAuth */ = {
			isa = XCSwiftPackageProductDependency;
			package = E1CA23922E28619D003AFEF5 /* XCRemoteSwiftPackageReference "firebase-ios-sdk" */;
			productName = FirebaseAuth;
		};
		E1CA23A12E28619D003AFEF5 /* FirebaseAuthCombine-Community */ = {
			isa = XCSwiftPackageProductDependency;
			package = E1CA23922E28619D003AFEF5 /* XCRemoteSwiftPackageReference "firebase-ios-sdk" */;
			productName = "FirebaseAuthCombine-Community";
		};
		E1CA23A32E28619D003AFEF5 /* FirebaseCore */ = {
			isa = XCSwiftPackageProductDependency;
			package = E1CA23922E28619D003AFEF5 /* XCRemoteSwiftPackageReference "firebase-ios-sdk" */;
			productName = FirebaseCore;
		};
		E1CA23A52E28619D003AFEF5 /* FirebaseCrashlytics */ = {
			isa = XCSwiftPackageProductDependency;
			package = E1CA23922E28619D003AFEF5 /* XCRemoteSwiftPackageReference "firebase-ios-sdk" */;
			productName = FirebaseCrashlytics;
		};
		E1CA23A72E28619D003AFEF5 /* FirebaseDatabase */ = {
			isa = XCSwiftPackageProductDependency;
			package = E1CA23922E28619D003AFEF5 /* XCRemoteSwiftPackageReference "firebase-ios-sdk" */;
			productName = FirebaseDatabase;
		};
		E1CA23A92E28619D003AFEF5 /* FirebaseFirestore */ = {
			isa = XCSwiftPackageProductDependency;
			package = E1CA23922E28619D003AFEF5 /* XCRemoteSwiftPackageReference "firebase-ios-sdk" */;
			productName = FirebaseFirestore;
		};
		E1CA23AB2E28619D003AFEF5 /* FirebaseFirestoreCombine-Community */ = {
			isa = XCSwiftPackageProductDependency;
			package = E1CA23922E28619D003AFEF5 /* XCRemoteSwiftPackageReference "firebase-ios-sdk" */;
			productName = "FirebaseFirestoreCombine-Community";
		};
		E1CA23AD2E28619D003AFEF5 /* FirebaseFunctions */ = {
			isa = XCSwiftPackageProductDependency;
			package = E1CA23922E28619D003AFEF5 /* XCRemoteSwiftPackageReference "firebase-ios-sdk" */;
			productName = FirebaseFunctions;
		};
		E1CA23AF2E28619D003AFEF5 /* FirebaseFunctionsCombine-Community */ = {
			isa = XCSwiftPackageProductDependency;
			package = E1CA23922E28619D003AFEF5 /* XCRemoteSwiftPackageReference "firebase-ios-sdk" */;
			productName = "FirebaseFunctionsCombine-Community";
		};
		E1CA23B12E28619D003AFEF5 /* FirebaseInAppMessaging-Beta */ = {
			isa = XCSwiftPackageProductDependency;
			package = E1CA23922E28619D003AFEF5 /* XCRemoteSwiftPackageReference "firebase-ios-sdk" */;
			productName = "FirebaseInAppMessaging-Beta";
		};
		E1CA23B32E28619D003AFEF5 /* FirebaseInstallations */ = {
			isa = XCSwiftPackageProductDependency;
			package = E1CA23922E28619D003AFEF5 /* XCRemoteSwiftPackageReference "firebase-ios-sdk" */;
			productName = FirebaseInstallations;
		};
		E1CA23B52E28619D003AFEF5 /* FirebaseMLModelDownloader */ = {
			isa = XCSwiftPackageProductDependency;
			package = E1CA23922E28619D003AFEF5 /* XCRemoteSwiftPackageReference "firebase-ios-sdk" */;
			productName = FirebaseMLModelDownloader;
		};
		E1CA23B72E28619D003AFEF5 /* FirebaseMessaging */ = {
			isa = XCSwiftPackageProductDependency;
			package = E1CA23922E28619D003AFEF5 /* XCRemoteSwiftPackageReference "firebase-ios-sdk" */;
			productName = FirebaseMessaging;
		};
		E1CA23B92E28619D003AFEF5 /* FirebasePerformance */ = {
			isa = XCSwiftPackageProductDependency;
			package = E1CA23922E28619D003AFEF5 /* XCRemoteSwiftPackageReference "firebase-ios-sdk" */;
			productName = FirebasePerformance;
		};
		E1CA23BB2E28619D003AFEF5 /* FirebaseRemoteConfig */ = {
			isa = XCSwiftPackageProductDependency;
			package = E1CA23922E28619D003AFEF5 /* XCRemoteSwiftPackageReference "firebase-ios-sdk" */;
			productName = FirebaseRemoteConfig;
		};
		E1CA23BD2E28619D003AFEF5 /* FirebaseStorage */ = {
			isa = XCSwiftPackageProductDependency;
			package = E1CA23922E28619D003AFEF5 /* XCRemoteSwiftPackageReference "firebase-ios-sdk" */;
			productName = FirebaseStorage;
		};
		E1CA23BF2E28619D003AFEF5 /* FirebaseStorageCombine-Community */ = {
			isa = XCSwiftPackageProductDependency;
			package = E1CA23922E28619D003AFEF5 /* XCRemoteSwiftPackageReference "firebase-ios-sdk" */;
			productName = "FirebaseStorageCombine-Community";
		};
/* End XCSwiftPackageProductDependency section */
	};
	rootObject = E16601102E22A53200FAEFA3 /* Project object */;
}
